// !$*UTF8*$!
{
	archiveVersion = 1;
	classes = {
	};
	objectVersion = 56;
	objects = {

/* Begin PBXBuildFile section */
		E1D3B84E2B89BF6200FAC67F /* RealityKitContent in Frameworks */ = {isa = PBXBuildFile; productRef = E1D3B84D2B89BF6200FAC67F /* RealityKitContent */; };
		E1D3B8502B89BF6200FAC67F /* Inspiration4AppApp.swift in Sources */ = {isa = PBXBuildFile; fileRef = E1D3B84F2B89BF6200FAC67F /* Inspiration4AppApp.swift */; };
		E1D3B8522B89BF6200FAC67F /* ContentView.swift in Sources */ = {isa = PBXBuildFile; fileRef = E1D3B8512B89BF6200FAC67F /* ContentView.swift */; };
		E1D3B8542B89BF6200FAC67F /* ImmersiveView.swift in Sources */ = {isa = PBXBuildFile; fileRef = E1D3B8532B89BF6200FAC67F /* ImmersiveView.swift */; };
		E1D3B8562B89BF6200FAC67F /* ImageBasedLighting.skybox in Resources */ = {isa = PBXBuildFile; fileRef = E1D3B8552B89BF6200FAC67F /* ImageBasedLighting.skybox */; };
		E1D3B8582B89BF6300FAC67F /* Assets.xcassets in Resources */ = {isa = PBXBuildFile; fileRef = E1D3B8572B89BF6300FAC67F /* Assets.xcassets */; };
		E1D3B85B2B89BF6300FAC67F /* Preview Assets.xcassets in Resources */ = {isa = PBXBuildFile; fileRef = E1D3B85A2B89BF6300FAC67F /* Preview Assets.xcassets */; };
		E1D3B8662B89BF6300FAC67F /* Inspiration4AppTests.swift in Sources */ = {isa = PBXBuildFile; fileRef = E1D3B8652B89BF6300FAC67F /* Inspiration4AppTests.swift */; };
/* End PBXBuildFile section */

/* Begin PBXContainerItemProxy section */
		E1D3B8622B89BF6300FAC67F /* PBXContainerItemProxy */ = {
			isa = PBXContainerItemProxy;
			containerPortal = E1D3B8402B89BF6200FAC67F /* Project object */;
			proxyType = 1;
			remoteGlobalIDString = E1D3B8472B89BF6200FAC67F;
			remoteInfo = Inspiration4App;
		};
/* End PBXContainerItemProxy section */

/* Begin PBXFileReference section */
		E1D3B8482B89BF6200FAC67F /* Inspiration4App.app */ = {isa = PBXFileReference; explicitFileType = wrapper.application; includeInIndex = 0; path = Inspiration4App.app; sourceTree = BUILT_PRODUCTS_DIR; };
		E1D3B84C2B89BF6200FAC67F /* RealityKitContent */ = {isa = PBXFileReference; lastKnownFileType = wrapper; path = RealityKitContent; sourceTree = "<group>"; };
		E1D3B84F2B89BF6200FAC67F /* Inspiration4AppApp.swift */ = {isa = PBXFileReference; lastKnownFileType = sourcecode.swift; path = Inspiration4AppApp.swift; sourceTree = "<group>"; };
		E1D3B8512B89BF6200FAC67F /* ContentView.swift */ = {isa = PBXFileReference; lastKnownFileType = sourcecode.swift; path = ContentView.swift; sourceTree = "<group>"; };
		E1D3B8532B89BF6200FAC67F /* ImmersiveView.swift */ = {isa = PBXFileReference; lastKnownFileType = sourcecode.swift; path = ImmersiveView.swift; sourceTree = "<group>"; };
		E1D3B8552B89BF6200FAC67F /* ImageBasedLighting.skybox */ = {isa = PBXFileReference; lastKnownFileType = file.skybox; path = ImageBasedLighting.skybox; sourceTree = "<group>"; };
		E1D3B8572B89BF6300FAC67F /* Assets.xcassets */ = {isa = PBXFileReference; lastKnownFileType = folder.assetcatalog; path = Assets.xcassets; sourceTree = "<group>"; };
		E1D3B85A2B89BF6300FAC67F /* Preview Assets.xcassets */ = {isa = PBXFileReference; lastKnownFileType = folder.assetcatalog; path = "Preview Assets.xcassets"; sourceTree = "<group>"; };
		E1D3B85C2B89BF6300FAC67F /* Info.plist */ = {isa = PBXFileReference; lastKnownFileType = text.plist.xml; path = Info.plist; sourceTree = "<group>"; };
		E1D3B8612B89BF6300FAC67F /* Inspiration4AppTests.xctest */ = {isa = PBXFileReference; explicitFileType = wrapper.cfbundle; includeInIndex = 0; path = Inspiration4AppTests.xctest; sourceTree = BUILT_PRODUCTS_DIR; };
		E1D3B8652B89BF6300FAC67F /* Inspiration4AppTests.swift */ = {isa = PBXFileReference; lastKnownFileType = sourcecode.swift; path = Inspiration4AppTests.swift; sourceTree = "<group>"; };
/* End PBXFileReference section */

/* Begin PBXFrameworksBuildPhase section */
		E1D3B8452B89BF6200FAC67F /* Frameworks */ = {
			isa = PBXFrameworksBuildPhase;
			buildActionMask = 2147483647;
			files = (
				E1D3B84E2B89BF6200FAC67F /* RealityKitContent in Frameworks */,
			);
			runOnlyForDeploymentPostprocessing = 0;
		};
		E1D3B85E2B89BF6300FAC67F /* Frameworks */ = {
			isa = PBXFrameworksBuildPhase;
			buildActionMask = 2147483647;
			files = (
			);
			runOnlyForDeploymentPostprocessing = 0;
		};
/* End PBXFrameworksBuildPhase section */

/* Begin PBXGroup section */
		E1D3B83F2B89BF6200FAC67F = {
			isa = PBXGroup;
			children = (
				E1D3B84A2B89BF6200FAC67F /* Inspiration4App */,
				E1D3B84B2B89BF6200FAC67F /* Packages */,
				E1D3B8642B89BF6300FAC67F /* Inspiration4AppTests */,
				E1D3B8492B89BF6200FAC67F /* Products */,
			);
			sourceTree = "<group>";
		};
		E1D3B8492B89BF6200FAC67F /* Products */ = {
			isa = PBXGroup;
			children = (
				E1D3B8482B89BF6200FAC67F /* Inspiration4App.app */,
				E1D3B8612B89BF6300FAC67F /* Inspiration4AppTests.xctest */,
			);
			name = Products;
			sourceTree = "<group>";
		};
		E1D3B84A2B89BF6200FAC67F /* Inspiration4App */ = {
			isa = PBXGroup;
			children = (
				E1D3B84F2B89BF6200FAC67F /* Inspiration4AppApp.swift */,
				E1D3B8512B89BF6200FAC67F /* ContentView.swift */,
				E1D3B8532B89BF6200FAC67F /* ImmersiveView.swift */,
				E1D3B8552B89BF6200FAC67F /* ImageBasedLighting.skybox */,
				E1D3B8572B89BF6300FAC67F /* Assets.xcassets */,
				E1D3B85C2B89BF6300FAC67F /* Info.plist */,
				E1D3B8592B89BF6300FAC67F /* Preview Content */,
			);
			path = Inspiration4App;
			sourceTree = "<group>";
		};
		E1D3B84B2B89BF6200FAC67F /* Packages */ = {
			isa = PBXGroup;
			children = (
				E1D3B84C2B89BF6200FAC67F /* RealityKitContent */,
			);
			path = Packages;
			sourceTree = "<group>";
		};
		E1D3B8592B89BF6300FAC67F /* Preview Content */ = {
			isa = PBXGroup;
			children = (
				E1D3B85A2B89BF6300FAC67F /* Preview Assets.xcassets */,
			);
			path = "Preview Content";
			sourceTree = "<group>";
		};
		E1D3B8642B89BF6300FAC67F /* Inspiration4AppTests */ = {
			isa = PBXGroup;
			children = (
				E1D3B8652B89BF6300FAC67F /* Inspiration4AppTests.swift */,
			);
			path = Inspiration4AppTests;
			sourceTree = "<group>";
		};
/* End PBXGroup section */

/* Begin PBXNativeTarget section */
		E1D3B8472B89BF6200FAC67F /* Inspiration4App */ = {
			isa = PBXNativeTarget;
			buildConfigurationList = E1D3B8692B89BF6300FAC67F /* Build configuration list for PBXNativeTarget "Inspiration4App" */;
			buildPhases = (
				E1D3B8442B89BF6200FAC67F /* Sources */,
				E1D3B8452B89BF6200FAC67F /* Frameworks */,
				E1D3B8462B89BF6200FAC67F /* Resources */,
			);
			buildRules = (
			);
			dependencies = (
			);
			name = Inspiration4App;
			packageProductDependencies = (
				E1D3B84D2B89BF6200FAC67F /* RealityKitContent */,
			);
			productName = Inspiration4App;
			productReference = E1D3B8482B89BF6200FAC67F /* Inspiration4App.app */;
			productType = "com.apple.product-type.application";
		};
		E1D3B8602B89BF6300FAC67F /* Inspiration4AppTests */ = {
			isa = PBXNativeTarget;
			buildConfigurationList = E1D3B86C2B89BF6300FAC67F /* Build configuration list for PBXNativeTarget "Inspiration4AppTests" */;
			buildPhases = (
				E1D3B85D2B89BF6300FAC67F /* Sources */,
				E1D3B85E2B89BF6300FAC67F /* Frameworks */,
				E1D3B85F2B89BF6300FAC67F /* Resources */,
			);
			buildRules = (
			);
			dependencies = (
				E1D3B8632B89BF6300FAC67F /* PBXTargetDependency */,
			);
			name = Inspiration4AppTests;
			productName = Inspiration4AppTests;
			productReference = E1D3B8612B89BF6300FAC67F /* Inspiration4AppTests.xctest */;
			productType = "com.apple.product-type.bundle.unit-test";
		};
/* End PBXNativeTarget section */

/* Begin PBXProject section */
		E1D3B8402B89BF6200FAC67F /* Project object */ = {
			isa = PBXProject;
			attributes = {
				BuildIndependentTargetsInParallel = 1;
				LastSwiftUpdateCheck = 1520;
				LastUpgradeCheck = 1520;
				TargetAttributes = {
					E1D3B8472B89BF6200FAC67F = {
						CreatedOnToolsVersion = 15.2;
					};
					E1D3B8602B89BF6300FAC67F = {
						CreatedOnToolsVersion = 15.2;
						TestTargetID = E1D3B8472B89BF6200FAC67F;
					};
				};
			};
			buildConfigurationList = E1D3B8432B89BF6200FAC67F /* Build configuration list for PBXProject "Inspiration4App" */;
			compatibilityVersion = "Xcode 14.0";
			developmentRegion = en;
			hasScannedForEncodings = 0;
			knownRegions = (
				en,
				Base,
			);
			mainGroup = E1D3B83F2B89BF6200FAC67F;
			productRefGroup = E1D3B8492B89BF6200FAC67F /* Products */;
			projectDirPath = "";
			projectRoot = "";
			targets = (
				E1D3B8472B89BF6200FAC67F /* Inspiration4App */,
				E1D3B8602B89BF6300FAC67F /* Inspiration4AppTests */,
			);
		};
/* End PBXProject section */

/* Begin PBXResourcesBuildPhase section */
		E1D3B8462B89BF6200FAC67F /* Resources */ = {
			isa = PBXResourcesBuildPhase;
			buildActionMask = 2147483647;
			files = (
				E1D3B8582B89BF6300FAC67F /* Assets.xcassets in Resources */,
				E1D3B85B2B89BF6300FAC67F /* Preview Assets.xcassets in Resources */,
				E1D3B8562B89BF6200FAC67F /* ImageBasedLighting.skybox in Resources */,
			);
			runOnlyForDeploymentPostprocessing = 0;
		};
		E1D3B85F2B89BF6300FAC67F /* Resources */ = {
			isa = PBXResourcesBuildPhase;
			buildActionMask = 2147483647;
			files = (
			);
			runOnlyForDeploymentPostprocessing = 0;
		};
/* End PBXResourcesBuildPhase section */

/* Begin PBXSourcesBuildPhase section */
		E1D3B8442B89BF6200FAC67F /* Sources */ = {
			isa = PBXSourcesBuildPhase;
			buildActionMask = 2147483647;
			files = (
				E1D3B8522B89BF6200FAC67F /* ContentView.swift in Sources */,
				E1D3B8502B89BF6200FAC67F /* Inspiration4AppApp.swift in Sources */,
				E1D3B8542B89BF6200FAC67F /* ImmersiveView.swift in Sources */,
			);
			runOnlyForDeploymentPostprocessing = 0;
		};
		E1D3B85D2B89BF6300FAC67F /* Sources */ = {
			isa = PBXSourcesBuildPhase;
			buildActionMask = 2147483647;
			files = (
				E1D3B8662B89BF6300FAC67F /* Inspiration4AppTests.swift in Sources */,
			);
			runOnlyForDeploymentPostprocessing = 0;
		};
/* End PBXSourcesBuildPhase section */

/* Begin PBXTargetDependency section */
		E1D3B8632B89BF6300FAC67F /* PBXTargetDependency */ = {
			isa = PBXTargetDependency;
			target = E1D3B8472B89BF6200FAC67F /* Inspiration4App */;
			targetProxy = E1D3B8622B89BF6300FAC67F /* PBXContainerItemProxy */;
		};
/* End PBXTargetDependency section */

/* Begin XCBuildConfiguration section */
		E1D3B8672B89BF6300FAC67F /* Debug */ = {
			isa = XCBuildConfiguration;
			buildSettings = {
				ALWAYS_SEARCH_USER_PATHS = NO;
				ASSETCATALOG_COMPILER_GENERATE_SWIFT_ASSET_SYMBOL_EXTENSIONS = YES;
				CLANG_ANALYZER_NONNULL = YES;
				CLANG_ANALYZER_NUMBER_OBJECT_CONVERSION = YES_AGGRESSIVE;
				CLANG_CXX_LANGUAGE_STANDARD = "gnu++20";
				CLANG_ENABLE_MODULES = YES;
				CLANG_ENABLE_OBJC_ARC = YES;
				CLANG_ENABLE_OBJC_WEAK = YES;
				CLANG_WARN_BLOCK_CAPTURE_AUTORELEASING = YES;
				CLANG_WARN_BOOL_CONVERSION = YES;
				CLANG_WARN_COMMA = YES;
				CLANG_WARN_CONSTANT_CONVERSION = YES;
				CLANG_WARN_DEPRECATED_OBJC_IMPLEMENTATIONS = YES;
				CLANG_WARN_DIRECT_OBJC_ISA_USAGE = YES_ERROR;
				CLANG_WARN_DOCUMENTATION_COMMENTS = YES;
				CLANG_WARN_EMPTY_BODY = YES;
				CLANG_WARN_ENUM_CONVERSION = YES;
				CLANG_WARN_INFINITE_RECURSION = YES;
				CLANG_WARN_INT_CONVERSION = YES;
				CLANG_WARN_NON_LITERAL_NULL_CONVERSION = YES;
				CLANG_WARN_OBJC_IMPLICIT_RETAIN_SELF = YES;
				CLANG_WARN_OBJC_LITERAL_CONVERSION = YES;
				CLANG_WARN_OBJC_ROOT_CLASS = YES_ERROR;
				CLANG_WARN_QUOTED_INCLUDE_IN_FRAMEWORK_HEADER = YES;
				CLANG_WARN_RANGE_LOOP_ANALYSIS = YES;
				CLANG_WARN_STRICT_PROTOTYPES = YES;
				CLANG_WARN_SUSPICIOUS_MOVE = YES;
				CLANG_WARN_UNGUARDED_AVAILABILITY = YES_AGGRESSIVE;
				CLANG_WARN_UNREACHABLE_CODE = YES;
				CLANG_WARN__DUPLICATE_METHOD_MATCH = YES;
				COPY_PHASE_STRIP = NO;
				DEBUG_INFORMATION_FORMAT = dwarf;
				ENABLE_STRICT_OBJC_MSGSEND = YES;
				ENABLE_TESTABILITY = YES;
				ENABLE_USER_SCRIPT_SANDBOXING = YES;
				GCC_C_LANGUAGE_STANDARD = gnu17;
				GCC_DYNAMIC_NO_PIC = NO;
				GCC_NO_COMMON_BLOCKS = YES;
				GCC_OPTIMIZATION_LEVEL = 0;
				GCC_PREPROCESSOR_DEFINITIONS = (
					"DEBUG=1",
					"$(inherited)",
				);
				GCC_WARN_64_TO_32_BIT_CONVERSION = YES;
				GCC_WARN_ABOUT_RETURN_TYPE = YES_ERROR;
				GCC_WARN_UNDECLARED_SELECTOR = YES;
				GCC_WARN_UNINITIALIZED_AUTOS = YES_AGGRESSIVE;
				GCC_WARN_UNUSED_FUNCTION = YES;
				GCC_WARN_UNUSED_VARIABLE = YES;
				LOCALIZATION_PREFERS_STRING_CATALOGS = YES;
				MTL_ENABLE_DEBUG_INFO = INCLUDE_SOURCE;
				MTL_FAST_MATH = YES;
				ONLY_ACTIVE_ARCH = YES;
				SDKROOT = xros;
				SWIFT_ACTIVE_COMPILATION_CONDITIONS = "DEBUG $(inherited)";
				SWIFT_OPTIMIZATION_LEVEL = "-Onone";
				XROS_DEPLOYMENT_TARGET = 1.0;
			};
			name = Debug;
		};
		E1D3B8682B89BF6300FAC67F /* Release */ = {
			isa = XCBuildConfiguration;
			buildSettings = {
				ALWAYS_SEARCH_USER_PATHS = NO;
				ASSETCATALOG_COMPILER_GENERATE_SWIFT_ASSET_SYMBOL_EXTENSIONS = YES;
				CLANG_ANALYZER_NONNULL = YES;
				CLANG_ANALYZER_NUMBER_OBJECT_CONVERSION = YES_AGGRESSIVE;
				CLANG_CXX_LANGUAGE_STANDARD = "gnu++20";
				CLANG_ENABLE_MODULES = YES;
				CLANG_ENABLE_OBJC_ARC = YES;
				CLANG_ENABLE_OBJC_WEAK = YES;
				CLANG_WARN_BLOCK_CAPTURE_AUTORELEASING = YES;
				CLANG_WARN_BOOL_CONVERSION = YES;
				CLANG_WARN_COMMA = YES;
				CLANG_WARN_CONSTANT_CONVERSION = YES;
				CLANG_WARN_DEPRECATED_OBJC_IMPLEMENTATIONS = YES;
				CLANG_WARN_DIRECT_OBJC_ISA_USAGE = YES_ERROR;
				CLANG_WARN_DOCUMENTATION_COMMENTS = YES;
				CLANG_WARN_EMPTY_BODY = YES;
				CLANG_WARN_ENUM_CONVERSION = YES;
				CLANG_WARN_INFINITE_RECURSION = YES;
				CLANG_WARN_INT_CONVERSION = YES;
				CLANG_WARN_NON_LITERAL_NULL_CONVERSION = YES;
				CLANG_WARN_OBJC_IMPLICIT_RETAIN_SELF = YES;
				CLANG_WARN_OBJC_LITERAL_CONVERSION = YES;
				CLANG_WARN_OBJC_ROOT_CLASS = YES_ERROR;
				CLANG_WARN_QUOTED_INCLUDE_IN_FRAMEWORK_HEADER = YES;
				CLANG_WARN_RANGE_LOOP_ANALYSIS = YES;
				CLANG_WARN_STRICT_PROTOTYPES = YES;
				CLANG_WARN_SUSPICIOUS_MOVE = YES;
				CLANG_WARN_UNGUARDED_AVAILABILITY = YES_AGGRESSIVE;
				CLANG_WARN_UNREACHABLE_CODE = YES;
				CLANG_WARN__DUPLICATE_METHOD_MATCH = YES;
				COPY_PHASE_STRIP = NO;
				DEBUG_INFORMATION_FORMAT = "dwarf-with-dsym";
				ENABLE_NS_ASSERTIONS = NO;
				ENABLE_STRICT_OBJC_MSGSEND = YES;
				ENABLE_USER_SCRIPT_SANDBOXING = YES;
				GCC_C_LANGUAGE_STANDARD = gnu17;
				GCC_NO_COMMON_BLOCKS = YES;
				GCC_WARN_64_TO_32_BIT_CONVERSION = YES;
				GCC_WARN_ABOUT_RETURN_TYPE = YES_ERROR;
				GCC_WARN_UNDECLARED_SELECTOR = YES;
				GCC_WARN_UNINITIALIZED_AUTOS = YES_AGGRESSIVE;
				GCC_WARN_UNUSED_FUNCTION = YES;
				GCC_WARN_UNUSED_VARIABLE = YES;
				LOCALIZATION_PREFERS_STRING_CATALOGS = YES;
				MTL_ENABLE_DEBUG_INFO = NO;
				MTL_FAST_MATH = YES;
				SDKROOT = xros;
				SWIFT_COMPILATION_MODE = wholemodule;
				VALIDATE_PRODUCT = YES;
				XROS_DEPLOYMENT_TARGET = 1.0;
			};
			name = Release;
		};
		E1D3B86A2B89BF6300FAC67F /* Debug */ = {
			isa = XCBuildConfiguration;
			buildSettings = {
				ASSETCATALOG_COMPILER_APPICON_NAME = AppIcon;
				ASSETCATALOG_COMPILER_GLOBAL_ACCENT_COLOR_NAME = AccentColor;
				CODE_SIGN_STYLE = Automatic;
				CURRENT_PROJECT_VERSION = 1;
				DEVELOPMENT_ASSET_PATHS = "\"Inspiration4App/Preview Content\"";
				ENABLE_PREVIEWS = YES;
				GENERATE_INFOPLIST_FILE = YES;
				INFOPLIST_FILE = "$(TARGET_NAME)/Info.plist";
				LD_RUNPATH_SEARCH_PATHS = (
					"$(inherited)",
					"@executable_path/Frameworks",
				);
				MARKETING_VERSION = 1.0;
				PRODUCT_BUNDLE_IDENTIFIER = sashankb.Inspiration4App;
				PRODUCT_NAME = "$(TARGET_NAME)";
				SUPPORTED_PLATFORMS = "xros xrsimulator";
				SWIFT_EMIT_LOC_STRINGS = YES;
				SWIFT_VERSION = 5.0;
				TARGETED_DEVICE_FAMILY = "1,2,7";
			};
			name = Debug;
		};
		E1D3B86B2B89BF6300FAC67F /* Release */ = {
			isa = XCBuildConfiguration;
			buildSettings = {
				ASSETCATALOG_COMPILER_APPICON_NAME = AppIcon;
				ASSETCATALOG_COMPILER_GLOBAL_ACCENT_COLOR_NAME = AccentColor;
				CODE_SIGN_STYLE = Automatic;
				CURRENT_PROJECT_VERSION = 1;
				DEVELOPMENT_ASSET_PATHS = "\"Inspiration4App/Preview Content\"";
				ENABLE_PREVIEWS = YES;
				GENERATE_INFOPLIST_FILE = YES;
				INFOPLIST_FILE = "$(TARGET_NAME)/Info.plist";
				LD_RUNPATH_SEARCH_PATHS = (
					"$(inherited)",
					"@executable_path/Frameworks",
				);
				MARKETING_VERSION = 1.0;
				PRODUCT_BUNDLE_IDENTIFIER = sashankb.Inspiration4App;
				PRODUCT_NAME = "$(TARGET_NAME)";
				SUPPORTED_PLATFORMS = "xros xrsimulator";
				SWIFT_EMIT_LOC_STRINGS = YES;
				SWIFT_VERSION = 5.0;
				TARGETED_DEVICE_FAMILY = "1,2,7";
			};
			name = Release;
		};
		E1D3B86D2B89BF6300FAC67F /* Debug */ = {
			isa = XCBuildConfiguration;
			buildSettings = {
				ALWAYS_EMBED_SWIFT_STANDARD_LIBRARIES = YES;
				BUNDLE_LOADER = "$(TEST_HOST)";
				CODE_SIGN_STYLE = Automatic;
				CURRENT_PROJECT_VERSION = 1;
				GENERATE_INFOPLIST_FILE = YES;
				MARKETING_VERSION = 1.0;
				PRODUCT_BUNDLE_IDENTIFIER = sashankb.Inspiration4AppTests;
				PRODUCT_NAME = "$(TARGET_NAME)";
				SUPPORTED_PLATFORMS = "xros xrsimulator";
				SWIFT_EMIT_LOC_STRINGS = NO;
				SWIFT_VERSION = 5.0;
				TARGETED_DEVICE_FAMILY = "1,2,7";
				TEST_HOST = "$(BUILT_PRODUCTS_DIR)/Inspiration4App.app/$(BUNDLE_EXECUTABLE_FOLDER_PATH)/Inspiration4App";
				XROS_DEPLOYMENT_TARGET = 1.0;
			};
			name = Debug;
		};
		E1D3B86E2B89BF6300FAC67F /* Release */ = {
			isa = XCBuildConfiguration;
			buildSettings = {
				ALWAYS_EMBED_SWIFT_STANDARD_LIBRARIES = YES;
				BUNDLE_LOADER = "$(TEST_HOST)";
				CODE_SIGN_STYLE = Automatic;
				CURRENT_PROJECT_VERSION = 1;
				GENERATE_INFOPLIST_FILE = YES;
				MARKETING_VERSION = 1.0;
				PRODUCT_BUNDLE_IDENTIFIER = sashankb.Inspiration4AppTests;
				PRODUCT_NAME = "$(TARGET_NAME)";
				SUPPORTED_PLATFORMS = "xros xrsimulator";
				SWIFT_EMIT_LOC_STRINGS = NO;
				SWIFT_VERSION = 5.0;
				TARGETED_DEVICE_FAMILY = "1,2,7";
				TEST_HOST = "$(BUILT_PRODUCTS_DIR)/Inspiration4App.app/$(BUNDLE_EXECUTABLE_FOLDER_PATH)/Inspiration4App";
				XROS_DEPLOYMENT_TARGET = 1.0;
			};
			name = Release;
		};
/* End XCBuildConfiguration section */

/* Begin XCConfigurationList section */
		E1D3B8432B89BF6200FAC67F /* Build configuration list for PBXProject "Inspiration4App" */ = {
			isa = XCConfigurationList;
			buildConfigurations = (
				E1D3B8672B89BF6300FAC67F /* Debug */,
				E1D3B8682B89BF6300FAC67F /* Release */,
			);
			defaultConfigurationIsVisible = 0;
			defaultConfigurationName = Release;
		};
		E1D3B8692B89BF6300FAC67F /* Build configuration list for PBXNativeTarget "Inspiration4App" */ = {
			isa = XCConfigurationList;
			buildConfigurations = (
				E1D3B86A2B89BF6300FAC67F /* Debug */,
				E1D3B86B2B89BF6300FAC67F /* Release */,
			);
			defaultConfigurationIsVisible = 0;
			defaultConfigurationName = Release;
		};
		E1D3B86C2B89BF6300FAC67F /* Build configuration list for PBXNativeTarget "Inspiration4AppTests" */ = {
			isa = XCConfigurationList;
			buildConfigurations = (
				E1D3B86D2B89BF6300FAC67F /* Debug */,
				E1D3B86E2B89BF6300FAC67F /* Release */,
			);
			defaultConfigurationIsVisible = 0;
			defaultConfigurationName = Release;
		};
/* End XCConfigurationList section */

/* Begin XCSwiftPackageProductDependency section */
		E1D3B84D2B89BF6200FAC67F /* RealityKitContent */ = {
			isa = XCSwiftPackageProductDependency;
			productName = RealityKitContent;
		};
/* End XCSwiftPackageProductDependency section */
	};
	rootObject = E1D3B8402B89BF6200FAC67F /* Project object */;
}
